
Microsoft Visual Studio Solution File, Format Version 12.00
# Visual Studio 2013
VisualStudioVersion = 12.0.21005.1
MinimumVisualStudioVersion = 10.0.40219.1
Project("{FAE04EC0-301F-11D3-BF4B-00C04F79EFBC}") = "SmartWatch.PrintGestures", "SmartWatch.PrintGestures\SmartWatch.PrintGestures.csproj", "{F92C1E76-72C1-48C6-8C68-33F4F0E161D1}"
EndProject
Project("{FAE04EC0-301F-11D3-BF4B-00C04F79EFBC}") = "SmartWatch.Core", "SmartWatch.Core\SmartWatch.Core.csproj", "{009A330D-EFFD-409A-B39B-CF339DC220E3}"
EndProject
Project("{FAE04EC0-301F-11D3-BF4B-00C04F79EFBC}") = "SmartWatch.Maps", "SmartWatch.Maps\SmartWatch.Maps.csproj", "{B2D61DCB-67E2-48B3-A041-E79604C47729}"
EndProject
Project("{FAE04EC0-301F-11D3-BF4B-00C04F79EFBC}") = "SmartWatch.Menu", "SmartWatch.Menu\SmartWatch.Menu.csproj", "{849FF172-C6B5-4637-8D3F-4B2FD2A8F643}"
EndProject
Project("{FAE04EC0-301F-11D3-BF4B-00C04F79EFBC}") = "Recognizer", "Recognizer\Recognizer.csproj", "{10EB124D-D00A-472D-A0C6-075EE521B9BB}"
EndProject
Project("{FAE04EC0-301F-11D3-BF4B-00C04F79EFBC}") = "SmartWatch.Training", "SmartWatch.Training\SmartWatch.Training.csproj", "{4D9F6C5D-DB79-4D47-9AE2-BA10891571F7}"
EndProject
Project("{FAE04EC0-301F-11D3-BF4B-00C04F79EFBC}") = "SmartWatch.Visualiser", "SmartWatch.Visualiser\SmartWatch.Visualiser.csproj", "{DA83C845-2B70-4E69-A4B4-B0AA9FB41F77}"
EndProject
Global
	GlobalSection(SolutionConfigurationPlatforms) = preSolution
		Debug|Any CPU = Debug|Any CPU
		Release|Any CPU = Release|Any CPU
	EndGlobalSection
	GlobalSection(ProjectConfigurationPlatforms) = postSolution
		{F92C1E76-72C1-48C6-8C68-33F4F0E161D1}.Debug|Any CPU.ActiveCfg = Debug|Any CPU
		{F92C1E76-72C1-48C6-8C68-33F4F0E161D1}.Debug|Any CPU.Build.0 = Debug|Any CPU
		{F92C1E76-72C1-48C6-8C68-33F4F0E161D1}.Release|Any CPU.ActiveCfg = Release|Any CPU
		{F92C1E76-72C1-48C6-8C68-33F4F0E161D1}.Release|Any CPU.Build.0 = Release|Any CPU
		{009A330D-EFFD-409A-B39B-CF339DC220E3}.Debug|Any CPU.ActiveCfg = Debug|Any CPU
		{009A330D-EFFD-409A-B39B-CF339DC220E3}.Debug|Any CPU.Build.0 = Debug|Any CPU
		{009A330D-EFFD-409A-B39B-CF339DC220E3}.Release|Any CPU.ActiveCfg = Release|Any CPU
		{009A330D-EFFD-409A-B39B-CF339DC220E3}.Release|Any CPU.Build.0 = Release|Any CPU
		{B2D61DCB-67E2-48B3-A041-E79604C47729}.Debug|Any CPU.ActiveCfg = Debug|Any CPU
		{B2D61DCB-67E2-48B3-A041-E79604C47729}.Debug|Any CPU.Build.0 = Debug|Any CPU
		{B2D61DCB-67E2-48B3-A041-E79604C47729}.Release|Any CPU.ActiveCfg = Release|Any CPU
		{B2D61DCB-67E2-48B3-A041-E79604C47729}.Release|Any CPU.Build.0 = Release|Any CPU
		{849FF172-C6B5-4637-8D3F-4B2FD2A8F643}.Debug|Any CPU.ActiveCfg = Debug|Any CPU
		{849FF172-C6B5-4637-8D3F-4B2FD2A8F643}.Debug|Any CPU.Build.0 = Debug|Any CPU
		{849FF172-C6B5-4637-8D3F-4B2FD2A8F643}.Release|Any CPU.ActiveCfg = Release|Any CPU
		{849FF172-C6B5-4637-8D3F-4B2FD2A8F643}.Release|Any CPU.Build.0 = Release|Any CPU
		{10EB124D-D00A-472D-A0C6-075EE521B9BB}.Debug|Any CPU.ActiveCfg = Debug|Any CPU
		{10EB124D-D00A-472D-A0C6-075EE521B9BB}.Debug|Any CPU.Build.0 = Debug|Any CPU
		{10EB124D-D00A-472D-A0C6-075EE521B9BB}.Release|Any CPU.ActiveCfg = Release|Any CPU
		{10EB124D-D00A-472D-A0C6-075EE521B9BB}.Release|Any CPU.Build.0 = Release|Any CPU
		{4D9F6C5D-DB79-4D47-9AE2-BA10891571F7}.Debug|Any CPU.ActiveCfg = Debug|Any CPU
		{4D9F6C5D-DB79-4D47-9AE2-BA10891571F7}.Debug|Any CPU.Build.0 = Debug|Any CPU
		{4D9F6C5D-DB79-4D47-9AE2-BA10891571F7}.Release|Any CPU.ActiveCfg = Release|Any CPU
		{4D9F6C5D-DB79-4D47-9AE2-BA10891571F7}.Release|Any CPU.Build.0 = Release|Any CPU
		{DA83C845-2B70-4E69-A4B4-B0AA9FB41F77}.Debug|Any CPU.ActiveCfg = Debug|Any CPU
		{DA83C845-2B70-4E69-A4B4-B0AA9FB41F77}.Debug|Any CPU.Build.0 = Debug|Any CPU
		{DA83C845-2B70-4E69-A4B4-B0AA9FB41F77}.Release|Any CPU.ActiveCfg = Release|Any CPU
		{DA83C845-2B70-4E69-A4B4-B0AA9FB41F77}.Release|Any CPU.Build.0 = Release|Any CPU
	EndGlobalSection
	GlobalSection(SolutionProperties) = preSolution
		HideSolutionNode = FALSE
	EndGlobalSection
EndGlobal
